
Microsoft Visual Studio Solution File, Format Version 12.00
# Visual Studio Version 17
VisualStudioVersion = 17.13.35931.197 d17.13
MinimumVisualStudioVersion = 10.0.40219.1
Project("{FAE04EC0-301F-11D3-BF4B-00C04F79EFBC}") = "HmChatGptWeb", "HmChatGptWeb\HmChatGptWeb.csproj", "{C5848A17-3F57-4F50-9A81-BAAE2DBECA52}"
EndProject
Global
	GlobalSection(SolutionConfigurationPlatforms) = preSolution
		Debug|Any CPU = Debug|Any CPU
		Release|Any CPU = Release|Any CPU
	EndGlobalSection
	GlobalSection(ProjectConfigurationPlatforms) = postSolution
		{C5848A17-3F57-4F50-9A81-BAAE2DBECA52}.Debug|Any CPU.ActiveCfg = Debug|Any CPU
		{C5848A17-3F57-4F50-9A81-BAAE2DBECA52}.Debug|Any CPU.Build.0 = Debug|Any CPU
		{C5848A17-3F57-4F50-9A81-BAAE2DBECA52}.Release|Any CPU.ActiveCfg = Release|Any CPU
		{C5848A17-3F57-4F50-9A81-BAAE2DBECA52}.Release|Any CPU.Build.0 = Release|Any CPU
	EndGlobalSection
	GlobalSection(SolutionProperties) = preSolution
		HideSolutionNode = FALSE
	EndGlobalSection
	GlobalSection(ExtensibilityGlobals) = postSolution
		SolutionGuid = {03BEA066-B1C6-447D-A63A-72CAF878B43F}
	EndGlobalSection
EndGlobal
